Microsoft Visual Studio Solution File, Format Version 12.00
# Visual Studio Version 17
VisualStudioVersion = 17.0.31903.59
MinimumVisualStudioVersion = 10.0.40219.1
Project("{FAE04EC0-301F-11D3-BF4B-00C04F79EFBC}") = "SorocoSystemMonitor", "SorocoSystemMonitor\SorocoSystemMonitor.csproj", "{A1B2C3D4-E5F6-7890-ABCD-EF1234567890}"
EndProject
Project("{FAE04EC0-301F-11D3-BF4B-00C04F79EFBC}") = "SorocoSystemMonitor.Tests", "SorocoSystemMonitor.Tests\SorocoSystemMonitor.Tests.csproj", "{162B85C0-91BB-4143-A826-C30AE3A1EAB6}"
EndProject
Global
	GlobalSection(SolutionConfigurationPlatforms) = preSolution
		Debug|Any CPU = Debug|Any CPU
		Release|Any CPU = Release|Any CPU
	EndGlobalSection
	GlobalSection(ProjectConfigurationPlatforms) = postSolution
		{A1B2C3D4-E5F6-7890-ABCD-EF1234567890}.Debug|Any CPU.ActiveCfg = Debug|Any CPU
		{A1B2C3D4-E5F6-7890-ABCD-EF1234567890}.Debug|Any CPU.Build.0 = Debug|Any CPU
		{A1B2C3D4-E5F6-7890-ABCD-EF1234567890}.Release|Any CPU.ActiveCfg = Release|Any CPU
		{A1B2C3D4-E5F6-7890-ABCD-EF1234567890}.Release|Any CPU.Build.0 = Release|Any CPU
		{162B85C0-91BB-4143-A826-C30AE3A1EAB6}.Debug|Any CPU.ActiveCfg = Debug|Any CPU
		{162B85C0-91BB-4143-A826-C30AE3A1EAB6}.Debug|Any CPU.Build.0 = Debug|Any CPU
		{162B85C0-91BB-4143-A826-C30AE3A1EAB6}.Release|Any CPU.ActiveCfg = Release|Any CPU
		{162B85C0-91BB-4143-A826-C30AE3A1EAB6}.Release|Any CPU.Build.0 = Release|Any CPU
	EndGlobalSection
	GlobalSection(SolutionProperties) = preSolution
		HideSolutionNode = FALSE
	EndGlobalSection
EndGlobal
